
Microsoft Visual Studio Solution File, Format Version 12.00
# Visual Studio Version 16
VisualStudioVersion = 16.0.32228.343
MinimumVisualStudioVersion = 10.0.40219.1
Project("{FAE04EC0-301F-11D3-BF4B-00C04F79EFBC}") = "LibraryManagement", "LibraryManagement\LibraryManagement.csproj", "{6C4ADC4C-CBCA-4D82-BAFE-B3C174E4F44B}"
EndProject
Global
	GlobalSection(SolutionConfigurationPlatforms) = preSolution
		Debug|Any CPU = Debug|Any CPU
		Release|Any CPU = Release|Any CPU
	EndGlobalSection
	GlobalSection(ProjectConfigurationPlatforms) = postSolution
		{6C4ADC4C-CBCA-4D82-BAFE-B3C174E4F44B}.Debug|Any CPU.ActiveCfg = Debug|Any CPU
		{6C4ADC4C-CBCA-4D82-BAFE-B3C174E4F44B}.Debug|Any CPU.Build.0 = Debug|Any CPU
		{6C4ADC4C-CBCA-4D82-BAFE-B3C174E4F44B}.Release|Any CPU.ActiveCfg = Release|Any CPU
		{6C4ADC4C-CBCA-4D82-BAFE-B3C174E4F44B}.Release|Any CPU.Build.0 = Release|Any CPU
	EndGlobalSection
	GlobalSection(SolutionProperties) = preSolution
		HideSolutionNode = FALSE
	EndGlobalSection
	GlobalSection(ExtensibilityGlobals) = postSolution
		SolutionGuid = {615CBF1D-3F5A-40BA-8E5C-EBF61BBC7B3F}
	EndGlobalSection
EndGlobal
